
Microsoft Visual Studio Solution File, Format Version 12.00
# Visual Studio Version 17
VisualStudioVersion = 17.14.36109.1
MinimumVisualStudioVersion = 10.0.40219.1
Project("{FAE04EC0-301F-11D3-BF4B-00C04F79EFBC}") = "RealEstateScraper", "..\RealEstateScraper\RealEstateScraper.csproj", "{C03590B1-D5BD-80E0-DCFA-DC1E9E671C0D}"
EndProject
Project("{FAE04EC0-301F-11D3-BF4B-00C04F79EFBC}") = "BranchScraping", "..\BranchScraping\BranchScraping\BranchScraping.csproj", "{2125C245-9BCA-FEE3-4B64-C804A4692A0F}"
EndProject
Project("{FAE04EC0-301F-11D3-BF4B-00C04F79EFBC}") = "DatabaseContext", "..\DatabaseContext\DatabaseContext.csproj", "{745D48AC-E497-415A-977E-CC97D455AAA3}"
EndProject
Project("{FAE04EC0-301F-11D3-BF4B-00C04F79EFBC}") = "DetailsScraper", "..\DetailsScraper\DetailsScraper.csproj", "{7A1EE61E-76FB-47CF-A798-D30190298E2E}"
EndProject
Project("{FAE04EC0-301F-11D3-BF4B-00C04F79EFBC}") = "Utilities", "..\Utilities\Utilities.csproj", "{1B4AF903-657F-4BA7-A2A5-546FC9B45706}"
EndProject
Global
	GlobalSection(SolutionConfigurationPlatforms) = preSolution
		Debug|Any CPU = Debug|Any CPU
		Release|Any CPU = Release|Any CPU
	EndGlobalSection
	GlobalSection(ProjectConfigurationPlatforms) = postSolution
		{C03590B1-D5BD-80E0-DCFA-DC1E9E671C0D}.Debug|Any CPU.ActiveCfg = Debug|Any CPU
		{C03590B1-D5BD-80E0-DCFA-DC1E9E671C0D}.Debug|Any CPU.Build.0 = Debug|Any CPU
		{C03590B1-D5BD-80E0-DCFA-DC1E9E671C0D}.Release|Any CPU.ActiveCfg = Release|Any CPU
		{C03590B1-D5BD-80E0-DCFA-DC1E9E671C0D}.Release|Any CPU.Build.0 = Release|Any CPU
		{2125C245-9BCA-FEE3-4B64-C804A4692A0F}.Debug|Any CPU.ActiveCfg = Debug|Any CPU
		{2125C245-9BCA-FEE3-4B64-C804A4692A0F}.Debug|Any CPU.Build.0 = Debug|Any CPU
		{2125C245-9BCA-FEE3-4B64-C804A4692A0F}.Release|Any CPU.ActiveCfg = Release|Any CPU
		{2125C245-9BCA-FEE3-4B64-C804A4692A0F}.Release|Any CPU.Build.0 = Release|Any CPU
		{745D48AC-E497-415A-977E-CC97D455AAA3}.Debug|Any CPU.ActiveCfg = Debug|Any CPU
		{745D48AC-E497-415A-977E-CC97D455AAA3}.Debug|Any CPU.Build.0 = Debug|Any CPU
		{745D48AC-E497-415A-977E-CC97D455AAA3}.Release|Any CPU.ActiveCfg = Release|Any CPU
		{745D48AC-E497-415A-977E-CC97D455AAA3}.Release|Any CPU.Build.0 = Release|Any CPU
		{7A1EE61E-76FB-47CF-A798-D30190298E2E}.Debug|Any CPU.ActiveCfg = Debug|Any CPU
		{7A1EE61E-76FB-47CF-A798-D30190298E2E}.Debug|Any CPU.Build.0 = Debug|Any CPU
		{7A1EE61E-76FB-47CF-A798-D30190298E2E}.Release|Any CPU.ActiveCfg = Release|Any CPU
		{7A1EE61E-76FB-47CF-A798-D30190298E2E}.Release|Any CPU.Build.0 = Release|Any CPU
		{1B4AF903-657F-4BA7-A2A5-546FC9B45706}.Debug|Any CPU.ActiveCfg = Debug|Any CPU
		{1B4AF903-657F-4BA7-A2A5-546FC9B45706}.Debug|Any CPU.Build.0 = Debug|Any CPU
		{1B4AF903-657F-4BA7-A2A5-546FC9B45706}.Release|Any CPU.ActiveCfg = Release|Any CPU
		{1B4AF903-657F-4BA7-A2A5-546FC9B45706}.Release|Any CPU.Build.0 = Release|Any CPU
	EndGlobalSection
	GlobalSection(SolutionProperties) = preSolution
		HideSolutionNode = FALSE
	EndGlobalSection
	GlobalSection(ExtensibilityGlobals) = postSolution
		SolutionGuid = {DF042A71-77D7-4DFE-A044-DF401C5DED68}
	EndGlobalSection
EndGlobal
